
Microsoft Visual Studio Solution File, Format Version 12.00
# Visual Studio 15
VisualStudioVersion = 15.0.27004.2010
MinimumVisualStudioVersion = 10.0.40219.1
Project("{FAE04EC0-301F-11D3-BF4B-00C04F79EFBC}") = "Flexible.Droid", "Flexible.Droid\Flexible.Droid.csproj", "{EA42437D-DD65-4A8C-AB30-002867595E7B}"
EndProject
Project("{FAE04EC0-301F-11D3-BF4B-00C04F79EFBC}") = "Flexible.UWP", "Flexible.UWP\Flexible.UWP.csproj", "{4F9CFC25-F0CA-4D7B-9CE8-9F47F8E45989}"
EndProject
Project("{FAE04EC0-301F-11D3-BF4B-00C04F79EFBC}") = "Flexible.iOS", "Flexible.iOS\Flexible.iOS.csproj", "{8E35211E-141C-4279-B0D6-6F5DE1A2478C}"
EndProject
Project("{9A19103F-16F7-4668-BE54-9A1E7A4F7556}") = "Flexible.Portable", "Flexible.Portable\Flexible.Portable.csproj", "{06CFCC38-4D79-4275-AA19-E1D739480E70}"
EndProject
Project("{9A19103F-16F7-4668-BE54-9A1E7A4F7556}") = "Flexible.Demo.Portable", "Flexible.Demo.Portable\Flexible.Demo.Portable.csproj", "{2FD1A7E8-DF2A-4BA1-BEDA-05C2D8D77124}"
EndProject
Project("{FAE04EC0-301F-11D3-BF4B-00C04F79EFBC}") = "Flexible.Demo.Droid", "Flexible.Demo.Droid\Flexible.Demo.Droid.csproj", "{5D9E2EE7-502E-4F55-9562-5A361B4FF4FE}"
EndProject
Project("{FAE04EC0-301F-11D3-BF4B-00C04F79EFBC}") = "Flexible.Demo.UWP", "Flexible.Demo.UWP\Flexible.Demo.UWP.csproj", "{437A1974-09BF-417C-B67A-58467C3807B5}"
EndProject
Global
	GlobalSection(SolutionConfigurationPlatforms) = preSolution
		Debug|Any CPU = Debug|Any CPU
		Debug|ARM = Debug|ARM
		Debug|iPhone = Debug|iPhone
		Debug|iPhoneSimulator = Debug|iPhoneSimulator
		Debug|x64 = Debug|x64
		Debug|x86 = Debug|x86
		Release|Any CPU = Release|Any CPU
		Release|ARM = Release|ARM
		Release|iPhone = Release|iPhone
		Release|iPhoneSimulator = Release|iPhoneSimulator
		Release|x64 = Release|x64
		Release|x86 = Release|x86
	EndGlobalSection
	GlobalSection(ProjectConfigurationPlatforms) = postSolution
		{EA42437D-DD65-4A8C-AB30-002867595E7B}.Debug|Any CPU.ActiveCfg = Debug|Any CPU
		{EA42437D-DD65-4A8C-AB30-002867595E7B}.Debug|Any CPU.Build.0 = Debug|Any CPU
		{EA42437D-DD65-4A8C-AB30-002867595E7B}.Debug|ARM.ActiveCfg = Debug|Any CPU
		{EA42437D-DD65-4A8C-AB30-002867595E7B}.Debug|ARM.Build.0 = Debug|Any CPU
		{EA42437D-DD65-4A8C-AB30-002867595E7B}.Debug|iPhone.ActiveCfg = Debug|Any CPU
		{EA42437D-DD65-4A8C-AB30-002867595E7B}.Debug|iPhone.Build.0 = Debug|Any CPU
		{EA42437D-DD65-4A8C-AB30-002867595E7B}.Debug|iPhoneSimulator.ActiveCfg = Debug|Any CPU
		{EA42437D-DD65-4A8C-AB30-002867595E7B}.Debug|iPhoneSimulator.Build.0 = Debug|Any CPU
		{EA42437D-DD65-4A8C-AB30-002867595E7B}.Debug|x64.ActiveCfg = Debug|Any CPU
		{EA42437D-DD65-4A8C-AB30-002867595E7B}.Debug|x64.Build.0 = Debug|Any CPU
		{EA42437D-DD65-4A8C-AB30-002867595E7B}.Debug|x86.ActiveCfg = Debug|Any CPU
		{EA42437D-DD65-4A8C-AB30-002867595E7B}.Debug|x86.Build.0 = Debug|Any CPU
		{EA42437D-DD65-4A8C-AB30-002867595E7B}.Release|Any CPU.ActiveCfg = Release|Any CPU
		{EA42437D-DD65-4A8C-AB30-002867595E7B}.Release|Any CPU.Build.0 = Release|Any CPU
		{EA42437D-DD65-4A8C-AB30-002867595E7B}.Release|ARM.ActiveCfg = Release|Any CPU
		{EA42437D-DD65-4A8C-AB30-002867595E7B}.Release|ARM.Build.0 = Release|Any CPU
		{EA42437D-DD65-4A8C-AB30-002867595E7B}.Release|iPhone.ActiveCfg = Release|Any CPU
		{EA42437D-DD65-4A8C-AB30-002867595E7B}.Release|iPhone.Build.0 = Release|Any CPU
		{EA42437D-DD65-4A8C-AB30-002867595E7B}.Release|iPhoneSimulator.ActiveCfg = Release|Any CPU
		{EA42437D-DD65-4A8C-AB30-002867595E7B}.Release|iPhoneSimulator.Build.0 = Release|Any CPU
		{EA42437D-DD65-4A8C-AB30-002867595E7B}.Release|x64.ActiveCfg = Release|Any CPU
		{EA42437D-DD65-4A8C-AB30-002867595E7B}.Release|x64.Build.0 = Release|Any CPU
		{EA42437D-DD65-4A8C-AB30-002867595E7B}.Release|x86.ActiveCfg = Release|Any CPU
		{EA42437D-DD65-4A8C-AB30-002867595E7B}.Release|x86.Build.0 = Release|Any CPU
		{4F9CFC25-F0CA-4D7B-9CE8-9F47F8E45989}.Debug|Any CPU.ActiveCfg = Debug|Any CPU
		{4F9CFC25-F0CA-4D7B-9CE8-9F47F8E45989}.Debug|Any CPU.Build.0 = Debug|Any CPU
		{4F9CFC25-F0CA-4D7B-9CE8-9F47F8E45989}.Debug|ARM.ActiveCfg = Debug|ARM
		{4F9CFC25-F0CA-4D7B-9CE8-9F47F8E45989}.Debug|ARM.Build.0 = Debug|ARM
		{4F9CFC25-F0CA-4D7B-9CE8-9F47F8E45989}.Debug|iPhone.ActiveCfg = Debug|Any CPU
		{4F9CFC25-F0CA-4D7B-9CE8-9F47F8E45989}.Debug|iPhoneSimulator.ActiveCfg = Debug|Any CPU
		{4F9CFC25-F0CA-4D7B-9CE8-9F47F8E45989}.Debug|x64.ActiveCfg = Debug|x64
		{4F9CFC25-F0CA-4D7B-9CE8-9F47F8E45989}.Debug|x64.Build.0 = Debug|x64
		{4F9CFC25-F0CA-4D7B-9CE8-9F47F8E45989}.Debug|x86.ActiveCfg = Debug|x86
		{4F9CFC25-F0CA-4D7B-9CE8-9F47F8E45989}.Debug|x86.Build.0 = Debug|x86
		{4F9CFC25-F0CA-4D7B-9CE8-9F47F8E45989}.Release|Any CPU.ActiveCfg = Release|Any CPU
		{4F9CFC25-F0CA-4D7B-9CE8-9F47F8E45989}.Release|Any CPU.Build.0 = Release|Any CPU
		{4F9CFC25-F0CA-4D7B-9CE8-9F47F8E45989}.Release|ARM.ActiveCfg = Release|ARM
		{4F9CFC25-F0CA-4D7B-9CE8-9F47F8E45989}.Release|ARM.Build.0 = Release|ARM
		{4F9CFC25-F0CA-4D7B-9CE8-9F47F8E45989}.Release|iPhone.ActiveCfg = Release|Any CPU
		{4F9CFC25-F0CA-4D7B-9CE8-9F47F8E45989}.Release|iPhoneSimulator.ActiveCfg = Release|Any CPU
		{4F9CFC25-F0CA-4D7B-9CE8-9F47F8E45989}.Release|x64.ActiveCfg = Release|x64
		{4F9CFC25-F0CA-4D7B-9CE8-9F47F8E45989}.Release|x64.Build.0 = Release|x64
		{4F9CFC25-F0CA-4D7B-9CE8-9F47F8E45989}.Release|x86.ActiveCfg = Release|x86
		{4F9CFC25-F0CA-4D7B-9CE8-9F47F8E45989}.Release|x86.Build.0 = Release|x86
		{8E35211E-141C-4279-B0D6-6F5DE1A2478C}.Debug|Any CPU.ActiveCfg = Debug|Any CPU
		{8E35211E-141C-4279-B0D6-6F5DE1A2478C}.Debug|Any CPU.Build.0 = Debug|Any CPU
		{8E35211E-141C-4279-B0D6-6F5DE1A2478C}.Debug|ARM.ActiveCfg = Debug|Any CPU
		{8E35211E-141C-4279-B0D6-6F5DE1A2478C}.Debug|ARM.Build.0 = Debug|Any CPU
		{8E35211E-141C-4279-B0D6-6F5DE1A2478C}.Debug|iPhone.ActiveCfg = Debug|Any CPU
		{8E35211E-141C-4279-B0D6-6F5DE1A2478C}.Debug|iPhone.Build.0 = Debug|Any CPU
		{8E35211E-141C-4279-B0D6-6F5DE1A2478C}.Debug|iPhoneSimulator.ActiveCfg = Debug|Any CPU
		{8E35211E-141C-4279-B0D6-6F5DE1A2478C}.Debug|iPhoneSimulator.Build.0 = Debug|Any CPU
		{8E35211E-141C-4279-B0D6-6F5DE1A2478C}.Debug|x64.ActiveCfg = Debug|Any CPU
		{8E35211E-141C-4279-B0D6-6F5DE1A2478C}.Debug|x64.Build.0 = Debug|Any CPU
		{8E35211E-141C-4279-B0D6-6F5DE1A2478C}.Debug|x86.ActiveCfg = Debug|Any CPU
		{8E35211E-141C-4279-B0D6-6F5DE1A2478C}.Debug|x86.Build.0 = Debug|Any CPU
		{8E35211E-141C-4279-B0D6-6F5DE1A2478C}.Release|Any CPU.ActiveCfg = Release|Any CPU
		{8E35211E-141C-4279-B0D6-6F5DE1A2478C}.Release|Any CPU.Build.0 = Release|Any CPU
		{8E35211E-141C-4279-B0D6-6F5DE1A2478C}.Release|ARM.ActiveCfg = Release|Any CPU
		{8E35211E-141C-4279-B0D6-6F5DE1A2478C}.Release|ARM.Build.0 = Release|Any CPU
		{8E35211E-141C-4279-B0D6-6F5DE1A2478C}.Release|iPhone.ActiveCfg = Release|Any CPU
		{8E35211E-141C-4279-B0D6-6F5DE1A2478C}.Release|iPhone.Build.0 = Release|Any CPU
		{8E35211E-141C-4279-B0D6-6F5DE1A2478C}.Release|iPhoneSimulator.ActiveCfg = Release|Any CPU
		{8E35211E-141C-4279-B0D6-6F5DE1A2478C}.Release|iPhoneSimulator.Build.0 = Release|Any CPU
		{8E35211E-141C-4279-B0D6-6F5DE1A2478C}.Release|x64.ActiveCfg = Release|Any CPU
		{8E35211E-141C-4279-B0D6-6F5DE1A2478C}.Release|x64.Build.0 = Release|Any CPU
		{8E35211E-141C-4279-B0D6-6F5DE1A2478C}.Release|x86.ActiveCfg = Release|Any CPU
		{8E35211E-141C-4279-B0D6-6F5DE1A2478C}.Release|x86.Build.0 = Release|Any CPU
		{06CFCC38-4D79-4275-AA19-E1D739480E70}.Debug|Any CPU.ActiveCfg = Debug|Any CPU
		{06CFCC38-4D79-4275-AA19-E1D739480E70}.Debug|Any CPU.Build.0 = Debug|Any CPU
		{06CFCC38-4D79-4275-AA19-E1D739480E70}.Debug|ARM.ActiveCfg = Debug|Any CPU
		{06CFCC38-4D79-4275-AA19-E1D739480E70}.Debug|ARM.Build.0 = Debug|Any CPU
		{06CFCC38-4D79-4275-AA19-E1D739480E70}.Debug|iPhone.ActiveCfg = Debug|Any CPU
		{06CFCC38-4D79-4275-AA19-E1D739480E70}.Debug|iPhone.Build.0 = Debug|Any CPU
		{06CFCC38-4D79-4275-AA19-E1D739480E70}.Debug|iPhoneSimulator.ActiveCfg = Debug|Any CPU
		{06CFCC38-4D79-4275-AA19-E1D739480E70}.Debug|iPhoneSimulator.Build.0 = Debug|Any CPU
		{06CFCC38-4D79-4275-AA19-E1D739480E70}.Debug|x64.ActiveCfg = Debug|Any CPU
		{06CFCC38-4D79-4275-AA19-E1D739480E70}.Debug|x64.Build.0 = Debug|Any CPU
		{06CFCC38-4D79-4275-AA19-E1D739480E70}.Debug|x86.ActiveCfg = Debug|Any CPU
		{06CFCC38-4D79-4275-AA19-E1D739480E70}.Debug|x86.Build.0 = Debug|Any CPU
		{06CFCC38-4D79-4275-AA19-E1D739480E70}.Release|Any CPU.ActiveCfg = Release|Any CPU
		{06CFCC38-4D79-4275-AA19-E1D739480E70}.Release|Any CPU.Build.0 = Release|Any CPU
		{06CFCC38-4D79-4275-AA19-E1D739480E70}.Release|ARM.ActiveCfg = Release|Any CPU
		{06CFCC38-4D79-4275-AA19-E1D739480E70}.Release|ARM.Build.0 = Release|Any CPU
		{06CFCC38-4D79-4275-AA19-E1D739480E70}.Release|iPhone.ActiveCfg = Release|Any CPU
		{06CFCC38-4D79-4275-AA19-E1D739480E70}.Release|iPhone.Build.0 = Release|Any CPU
		{06CFCC38-4D79-4275-AA19-E1D739480E70}.Release|iPhoneSimulator.ActiveCfg = Release|Any CPU
		{06CFCC38-4D79-4275-AA19-E1D739480E70}.Release|iPhoneSimulator.Build.0 = Release|Any CPU
		{06CFCC38-4D79-4275-AA19-E1D739480E70}.Release|x64.ActiveCfg = Release|Any CPU
		{06CFCC38-4D79-4275-AA19-E1D739480E70}.Release|x64.Build.0 = Release|Any CPU
		{06CFCC38-4D79-4275-AA19-E1D739480E70}.Release|x86.ActiveCfg = Release|Any CPU
		{06CFCC38-4D79-4275-AA19-E1D739480E70}.Release|x86.Build.0 = Release|Any CPU
		{2FD1A7E8-DF2A-4BA1-BEDA-05C2D8D77124}.Debug|Any CPU.ActiveCfg = Debug|Any CPU
		{2FD1A7E8-DF2A-4BA1-BEDA-05C2D8D77124}.Debug|Any CPU.Build.0 = Debug|Any CPU
		{2FD1A7E8-DF2A-4BA1-BEDA-05C2D8D77124}.Debug|ARM.ActiveCfg = Debug|Any CPU
		{2FD1A7E8-DF2A-4BA1-BEDA-05C2D8D77124}.Debug|ARM.Build.0 = Debug|Any CPU
		{2FD1A7E8-DF2A-4BA1-BEDA-05C2D8D77124}.Debug|iPhone.ActiveCfg = Debug|Any CPU
		{2FD1A7E8-DF2A-4BA1-BEDA-05C2D8D77124}.Debug|iPhone.Build.0 = Debug|Any CPU
		{2FD1A7E8-DF2A-4BA1-BEDA-05C2D8D77124}.Debug|iPhoneSimulator.ActiveCfg = Debug|Any CPU
		{2FD1A7E8-DF2A-4BA1-BEDA-05C2D8D77124}.Debug|iPhoneSimulator.Build.0 = Debug|Any CPU
		{2FD1A7E8-DF2A-4BA1-BEDA-05C2D8D77124}.Debug|x64.ActiveCfg = Debug|Any CPU
		{2FD1A7E8-DF2A-4BA1-BEDA-05C2D8D77124}.Debug|x64.Build.0 = Debug|Any CPU
		{2FD1A7E8-DF2A-4BA1-BEDA-05C2D8D77124}.Debug|x86.ActiveCfg = Debug|Any CPU
		{2FD1A7E8-DF2A-4BA1-BEDA-05C2D8D77124}.Debug|x86.Build.0 = Debug|Any CPU
		{2FD1A7E8-DF2A-4BA1-BEDA-05C2D8D77124}.Release|Any CPU.ActiveCfg = Release|Any CPU
		{2FD1A7E8-DF2A-4BA1-BEDA-05C2D8D77124}.Release|Any CPU.Build.0 = Release|Any CPU
		{2FD1A7E8-DF2A-4BA1-BEDA-05C2D8D77124}.Release|ARM.ActiveCfg = Release|Any CPU
		{2FD1A7E8-DF2A-4BA1-BEDA-05C2D8D77124}.Release|ARM.Build.0 = Release|Any CPU
		{2FD1A7E8-DF2A-4BA1-BEDA-05C2D8D77124}.Release|iPhone.ActiveCfg = Release|Any CPU
		{2FD1A7E8-DF2A-4BA1-BEDA-05C2D8D77124}.Release|iPhone.Build.0 = Release|Any CPU
		{2FD1A7E8-DF2A-4BA1-BEDA-05C2D8D77124}.Release|iPhoneSimulator.ActiveCfg = Release|Any CPU
		{2FD1A7E8-DF2A-4BA1-BEDA-05C2D8D77124}.Release|iPhoneSimulator.Build.0 = Release|Any CPU
		{2FD1A7E8-DF2A-4BA1-BEDA-05C2D8D77124}.Release|x64.ActiveCfg = Release|Any CPU
		{2FD1A7E8-DF2A-4BA1-BEDA-05C2D8D77124}.Release|x64.Build.0 = Release|Any CPU
		{2FD1A7E8-DF2A-4BA1-BEDA-05C2D8D77124}.Release|x86.ActiveCfg = Release|Any CPU
		{2FD1A7E8-DF2A-4BA1-BEDA-05C2D8D77124}.Release|x86.Build.0 = Release|Any CPU
		{5D9E2EE7-502E-4F55-9562-5A361B4FF4FE}.Debug|Any CPU.ActiveCfg = Debug|Any CPU
		{5D9E2EE7-502E-4F55-9562-5A361B4FF4FE}.Debug|Any CPU.Build.0 = Debug|Any CPU
		{5D9E2EE7-502E-4F55-9562-5A361B4FF4FE}.Debug|Any CPU.Deploy.0 = Debug|Any CPU
		{5D9E2EE7-502E-4F55-9562-5A361B4FF4FE}.Debug|ARM.ActiveCfg = Debug|Any CPU
		{5D9E2EE7-502E-4F55-9562-5A361B4FF4FE}.Debug|ARM.Build.0 = Debug|Any CPU
		{5D9E2EE7-502E-4F55-9562-5A361B4FF4FE}.Debug|ARM.Deploy.0 = Debug|Any CPU
		{5D9E2EE7-502E-4F55-9562-5A361B4FF4FE}.Debug|iPhone.ActiveCfg = Debug|Any CPU
		{5D9E2EE7-502E-4F55-9562-5A361B4FF4FE}.Debug|iPhone.Build.0 = Debug|Any CPU
		{5D9E2EE7-502E-4F55-9562-5A361B4FF4FE}.Debug|iPhone.Deploy.0 = Debug|Any CPU
		{5D9E2EE7-502E-4F55-9562-5A361B4FF4FE}.Debug|iPhoneSimulator.ActiveCfg = Debug|Any CPU
		{5D9E2EE7-502E-4F55-9562-5A361B4FF4FE}.Debug|iPhoneSimulator.Build.0 = Debug|Any CPU
		{5D9E2EE7-502E-4F55-9562-5A361B4FF4FE}.Debug|iPhoneSimulator.Deploy.0 = Debug|Any CPU
		{5D9E2EE7-502E-4F55-9562-5A361B4FF4FE}.Debug|x64.ActiveCfg = Debug|Any CPU
		{5D9E2EE7-502E-4F55-9562-5A361B4FF4FE}.Debug|x64.Build.0 = Debug|Any CPU
		{5D9E2EE7-502E-4F55-9562-5A361B4FF4FE}.Debug|x64.Deploy.0 = Debug|Any CPU
		{5D9E2EE7-502E-4F55-9562-5A361B4FF4FE}.Debug|x86.ActiveCfg = Debug|Any CPU
		{5D9E2EE7-502E-4F55-9562-5A361B4FF4FE}.Debug|x86.Build.0 = Debug|Any CPU
		{5D9E2EE7-502E-4F55-9562-5A361B4FF4FE}.Debug|x86.Deploy.0 = Debug|Any CPU
		{5D9E2EE7-502E-4F55-9562-5A361B4FF4FE}.Release|Any CPU.ActiveCfg = Release|Any CPU
		{5D9E2EE7-502E-4F55-9562-5A361B4FF4FE}.Release|Any CPU.Build.0 = Release|Any CPU
		{5D9E2EE7-502E-4F55-9562-5A361B4FF4FE}.Release|Any CPU.Deploy.0 = Release|Any CPU
		{5D9E2EE7-502E-4F55-9562-5A361B4FF4FE}.Release|ARM.ActiveCfg = Release|Any CPU
		{5D9E2EE7-502E-4F55-9562-5A361B4FF4FE}.Release|ARM.Build.0 = Release|Any CPU
		{5D9E2EE7-502E-4F55-9562-5A361B4FF4FE}.Release|ARM.Deploy.0 = Release|Any CPU
		{5D9E2EE7-502E-4F55-9562-5A361B4FF4FE}.Release|iPhone.ActiveCfg = Release|Any CPU
		{5D9E2EE7-502E-4F55-9562-5A361B4FF4FE}.Release|iPhone.Build.0 = Release|Any CPU
		{5D9E2EE7-502E-4F55-9562-5A361B4FF4FE}.Release|iPhone.Deploy.0 = Release|Any CPU
		{5D9E2EE7-502E-4F55-9562-5A361B4FF4FE}.Release|iPhoneSimulator.ActiveCfg = Release|Any CPU
		{5D9E2EE7-502E-4F55-9562-5A361B4FF4FE}.Release|iPhoneSimulator.Build.0 = Release|Any CPU
		{5D9E2EE7-502E-4F55-9562-5A361B4FF4FE}.Release|iPhoneSimulator.Deploy.0 = Release|Any CPU
		{5D9E2EE7-502E-4F55-9562-5A361B4FF4FE}.Release|x64.ActiveCfg = Release|Any CPU
		{5D9E2EE7-502E-4F55-9562-5A361B4FF4FE}.Release|x64.Build.0 = Release|Any CPU
		{5D9E2EE7-502E-4F55-9562-5A361B4FF4FE}.Release|x64.Deploy.0 = Release|Any CPU
		{5D9E2EE7-502E-4F55-9562-5A361B4FF4FE}.Release|x86.ActiveCfg = Release|Any CPU
		{5D9E2EE7-502E-4F55-9562-5A361B4FF4FE}.Release|x86.Build.0 = Release|Any CPU
		{5D9E2EE7-502E-4F55-9562-5A361B4FF4FE}.Release|x86.Deploy.0 = Release|Any CPU
		{437A1974-09BF-417C-B67A-58467C3807B5}.Debug|Any CPU.ActiveCfg = Debug|x86
		{437A1974-09BF-417C-B67A-58467C3807B5}.Debug|ARM.ActiveCfg = Debug|ARM
		{437A1974-09BF-417C-B67A-58467C3807B5}.Debug|ARM.Build.0 = Debug|ARM
		{437A1974-09BF-417C-B67A-58467C3807B5}.Debug|ARM.Deploy.0 = Debug|ARM
		{437A1974-09BF-417C-B67A-58467C3807B5}.Debug|iPhone.ActiveCfg = Debug|x86
		{437A1974-09BF-417C-B67A-58467C3807B5}.Debug|iPhoneSimulator.ActiveCfg = Debug|x86
		{437A1974-09BF-417C-B67A-58467C3807B5}.Debug|x64.ActiveCfg = Debug|x64
		{437A1974-09BF-417C-B67A-58467C3807B5}.Debug|x64.Build.0 = Debug|x64
		{437A1974-09BF-417C-B67A-58467C3807B5}.Debug|x64.Deploy.0 = Debug|x64
		{437A1974-09BF-417C-B67A-58467C3807B5}.Debug|x86.ActiveCfg = Debug|x86
		{437A1974-09BF-417C-B67A-58467C3807B5}.Debug|x86.Build.0 = Debug|x86
		{437A1974-09BF-417C-B67A-58467C3807B5}.Debug|x86.Deploy.0 = Debug|x86
		{437A1974-09BF-417C-B67A-58467C3807B5}.Release|Any CPU.ActiveCfg = Release|x86
		{437A1974-09BF-417C-B67A-58467C3807B5}.Release|Any CPU.Build.0 = Release|x86
		{437A1974-09BF-417C-B67A-58467C3807B5}.Release|Any CPU.Deploy.0 = Release|x86
		{437A1974-09BF-417C-B67A-58467C3807B5}.Release|ARM.ActiveCfg = Release|ARM
		{437A1974-09BF-417C-B67A-58467C3807B5}.Release|ARM.Build.0 = Release|ARM
		{437A1974-09BF-417C-B67A-58467C3807B5}.Release|ARM.Deploy.0 = Release|ARM
		{437A1974-09BF-417C-B67A-58467C3807B5}.Release|iPhone.ActiveCfg = Release|x86
		{437A1974-09BF-417C-B67A-58467C3807B5}.Release|iPhoneSimulator.ActiveCfg = Release|x86
		{437A1974-09BF-417C-B67A-58467C3807B5}.Release|x64.ActiveCfg = Release|x64
		{437A1974-09BF-417C-B67A-58467C3807B5}.Release|x64.Build.0 = Release|x64
		{437A1974-09BF-417C-B67A-58467C3807B5}.Release|x64.Deploy.0 = Release|x64
		{437A1974-09BF-417C-B67A-58467C3807B5}.Release|x86.ActiveCfg = Release|x86
		{437A1974-09BF-417C-B67A-58467C3807B5}.Release|x86.Build.0 = Release|x86
		{437A1974-09BF-417C-B67A-58467C3807B5}.Release|x86.Deploy.0 = Release|x86
	EndGlobalSection
	GlobalSection(SolutionProperties) = preSolution
		HideSolutionNode = FALSE
	EndGlobalSection
	GlobalSection(ExtensibilityGlobals) = postSolution
		SolutionGuid = {29D472B9-3694-4D6F-8AC1-EF30B8E7521E}
	EndGlobalSection
EndGlobal
